
Microsoft Visual Studio Solution File, Format Version 12.00
# Visual Studio 15
VisualStudioVersion = 15.0.27004.2005
MinimumVisualStudioVersion = 10.0.40219.1
Project("{FAE04EC0-301F-11D3-BF4B-00C04F79EFBC}") = "NinjaUVS", "NinjaUVS.csproj", "{7D790A19-074E-4B21-A6D1-9DEAD146128E}"
EndProject
Global
	GlobalSection(SolutionConfigurationPlatforms) = preSolution
		Debug|Any CPU = Debug|Any CPU
		Release|Any CPU = Release|Any CPU
	EndGlobalSection
	GlobalSection(ProjectConfigurationPlatforms) = postSolution
		{7D790A19-074E-4B21-A6D1-9DEAD146128E}.Debug|Any CPU.ActiveCfg = Debug|Any CPU
		{7D790A19-074E-4B21-A6D1-9DEAD146128E}.Debug|Any CPU.Build.0 = Debug|Any CPU
		{7D790A19-074E-4B21-A6D1-9DEAD146128E}.Release|Any CPU.ActiveCfg = Release|Any CPU
		{7D790A19-074E-4B21-A6D1-9DEAD146128E}.Release|Any CPU.Build.0 = Release|Any CPU
	EndGlobalSection
	GlobalSection(SolutionProperties) = preSolution
		HideSolutionNode = FALSE
	EndGlobalSection
	GlobalSection(ExtensibilityGlobals) = postSolution
		SolutionGuid = {CD3AD461-A561-4E66-890B-D6773108A59C}
	EndGlobalSection
EndGlobal
